
Microsoft Visual Studio Solution File, Format Version 12.00
Project("{FAE04EC0-301F-11D3-BF4B-00C04F79EFBC}") = "arm-hello-world", "arm-hello-world\arm-hello-world.csproj", "{94C0E7B0-F346-46DB-B14E-2AC752E9DBBB}"
EndProject
Global
	GlobalSection(SolutionConfigurationPlatforms) = preSolution
		Debug|Any CPU = Debug|Any CPU
		Release|Any CPU = Release|Any CPU
	EndGlobalSection
	GlobalSection(ProjectConfigurationPlatforms) = postSolution
		{94C0E7B0-F346-46DB-B14E-2AC752E9DBBB}.Debug|Any CPU.ActiveCfg = Debug|Any CPU
		{94C0E7B0-F346-46DB-B14E-2AC752E9DBBB}.Debug|Any CPU.Build.0 = Debug|Any CPU
		{94C0E7B0-F346-46DB-B14E-2AC752E9DBBB}.Release|Any CPU.ActiveCfg = Release|Any CPU
		{94C0E7B0-F346-46DB-B14E-2AC752E9DBBB}.Release|Any CPU.Build.0 = Release|Any CPU
	EndGlobalSection
EndGlobal
